Microsoft Visual Studio Solution File, Format Version 12.00
# Visual Studio 14
VisualStudioVersion = 14.0.25420.1
MinimumVisualStudioVersion = 10.0.40219.1
Project("{F2A71F9B-5D33-465A-A702-920D77279786}") = "RayTracer", "RayTracer\RayTracer.fsproj", "{88D659B2-C548-47FC-AA6C-FBCD874A6C69}"
EndProject
Project("{F2A71F9B-5D33-465A-A702-920D77279786}") = "RayTracerTestSuite", "RayTracerTestSuite\RayTracerTestSuite.fsproj", "{C113073D-5F3E-403C-BFD6-0BC7F15B260E}"
EndProject
Global
	GlobalSection(SolutionConfigurationPlatforms) = preSolution
		Debug|Any CPU = Debug|Any CPU
		Debug|x86 = Debug|x86
		Release|Any CPU = Release|Any CPU
		Release|x86 = Release|x86
	EndGlobalSection
	GlobalSection(ProjectConfigurationPlatforms) = postSolution
		{88D659B2-C548-47FC-AA6C-FBCD874A6C69}.Debug|Any CPU.ActiveCfg = Debug|Any CPU
		{88D659B2-C548-47FC-AA6C-FBCD874A6C69}.Debug|Any CPU.Build.0 = Debug|Any CPU
		{88D659B2-C548-47FC-AA6C-FBCD874A6C69}.Debug|x86.ActiveCfg = Debug|Any CPU
		{88D659B2-C548-47FC-AA6C-FBCD874A6C69}.Debug|x86.Build.0 = Debug|Any CPU
		{88D659B2-C548-47FC-AA6C-FBCD874A6C69}.Release|Any CPU.ActiveCfg = Release|Any CPU
		{88D659B2-C548-47FC-AA6C-FBCD874A6C69}.Release|Any CPU.Build.0 = Release|Any CPU
		{88D659B2-C548-47FC-AA6C-FBCD874A6C69}.Release|x86.ActiveCfg = Release|Any CPU
		{88D659B2-C548-47FC-AA6C-FBCD874A6C69}.Release|x86.Build.0 = Release|Any CPU
		{C113073D-5F3E-403C-BFD6-0BC7F15B260E}.Debug|Any CPU.ActiveCfg = Debug|Any CPU
		{C113073D-5F3E-403C-BFD6-0BC7F15B260E}.Debug|Any CPU.Build.0 = Debug|Any CPU
		{C113073D-5F3E-403C-BFD6-0BC7F15B260E}.Debug|x86.ActiveCfg = Debug|Any CPU
		{C113073D-5F3E-403C-BFD6-0BC7F15B260E}.Debug|x86.Build.0 = Debug|Any CPU
		{C113073D-5F3E-403C-BFD6-0BC7F15B260E}.Release|Any CPU.ActiveCfg = Release|Any CPU
		{C113073D-5F3E-403C-BFD6-0BC7F15B260E}.Release|Any CPU.Build.0 = Release|Any CPU
		{C113073D-5F3E-403C-BFD6-0BC7F15B260E}.Release|x86.ActiveCfg = Release|Any CPU
		{C113073D-5F3E-403C-BFD6-0BC7F15B260E}.Release|x86.Build.0 = Release|Any CPU
	EndGlobalSection
	GlobalSection(SolutionProperties) = preSolution
		HideSolutionNode = FALSE
	EndGlobalSection
EndGlobal
